
Microsoft Visual Studio Solution File, Format Version 12.00
Project("{FAE04EC0-301F-11D3-BF4B-00C04F79EFBC}") = "ClinicSystemModularMonolith", "ClinicSystemModularMonolith\ClinicSystemModularMonolith.csproj", "{87707AFE-63A2-4B1B-8AB7-5F770FAE43AD}"
EndProject
Project("{2150E333-8FDC-42A3-9474-1A3956D46DE8}") = "Modules", "Modules", "{3214A960-F3CB-4352-8BB4-DC5EFE7EFBB8}"
EndProject
Project("{2150E333-8FDC-42A3-9474-1A3956D46DE8}") = "Users", "Modules\Users", "{7C82E91F-0652-4F75-B403-8F1288907750}"
EndProject
Project("{FAE04EC0-301F-11D3-BF4B-00C04F79EFBC}") = "Users.DataAccess", "Modules\Users\Users.DataAccess\Users.DataAccess.csproj", "{C940538E-82E4-4579-83B6-FE18A3A5E190}"
EndProject
Project("{FAE04EC0-301F-11D3-BF4B-00C04F79EFBC}") = "Users.Application", "Modules\Users\Users.Application\Users.Application.csproj", "{FDE1DB22-3921-4B10-BBCF-553B2C4253C5}"
EndProject
Project("{FAE04EC0-301F-11D3-BF4B-00C04F79EFBC}") = "Users.Infrastructure", "Modules\Users\Users.Infrastructure\Users.Infrastructure.csproj", "{6350B619-F8B5-4185-ADB3-A07072EC783B}"
EndProject
Project("{FAE04EC0-301F-11D3-BF4B-00C04F79EFBC}") = "Users.Api", "Modules\Users\Users.Api\Users.Api.csproj", "{EE73891F-2235-4D1B-90B2-A7D9D515006E}"
EndProject
Project("{FAE04EC0-301F-11D3-BF4B-00C04F79EFBC}") = "Users.Core", "Modules\Users\Users.Core\Users.Core.csproj", "{D7A238E8-3CC6-4BB2-90AC-33B8D74501D2}"
EndProject
Project("{2150E333-8FDC-42A3-9474-1A3956D46DE8}") = "Employees", "Modules\Employees", "{1A768D4A-1DB6-4BE8-B1DC-7D54F815D901}"
EndProject
Project("{FAE04EC0-301F-11D3-BF4B-00C04F79EFBC}") = "Employees.Api", "Modules\Employees\Employees.Api\Employees.Api.csproj", "{D5925867-76F5-4D11-A67B-B5F52BFD21D6}"
EndProject
Project("{FAE04EC0-301F-11D3-BF4B-00C04F79EFBC}") = "Employees.Application", "Modules\Employees\Employees.Application\Employees.Application.csproj", "{EDCEE015-B171-489B-BF8A-B6F2B485E5F1}"
EndProject
Project("{FAE04EC0-301F-11D3-BF4B-00C04F79EFBC}") = "Employees.Core", "Modules\Employees\Employees.Core\Employees.Core.csproj", "{328A6446-7D49-4735-B83B-53BED759AA35}"
EndProject
Project("{FAE04EC0-301F-11D3-BF4B-00C04F79EFBC}") = "Employees.DataAccess", "Modules\Employees\Employees.DataAccess\Employees.DataAccess.csproj", "{40F552BB-529F-4226-9370-C2D0C4841F2F}"
EndProject
Project("{FAE04EC0-301F-11D3-BF4B-00C04F79EFBC}") = "Employees.Infrastructure", "Modules\Employees\Employees.Infrastructure\Employees.Infrastructure.csproj", "{796B1B85-4859-4371-BA8A-266C494900D6}"
EndProject
Project("{2150E333-8FDC-42A3-9474-1A3956D46DE8}") = "Patients", "Patients", "{1F43168F-B24E-443E-A54C-2D93E124CD69}"
EndProject
Project("{FAE04EC0-301F-11D3-BF4B-00C04F79EFBC}") = "Patients.Api", "Modules\Patients\Patients.Api\Patients.Api.csproj", "{1E8A8CBC-B6FE-4AA8-AAA8-BE687FAFE1FF}"
EndProject
Project("{FAE04EC0-301F-11D3-BF4B-00C04F79EFBC}") = "Patients.Application", "Modules\Patients\Patients.Application\Patients.Application.csproj", "{95C1BC83-2FD7-4B53-BFA8-7CBF4743B00A}"
EndProject
Project("{FAE04EC0-301F-11D3-BF4B-00C04F79EFBC}") = "Patient.Core", "Modules\Patients\Patient.Core\Patient.Core.csproj", "{616909B4-12AA-4370-82BB-949FDED8D04C}"
EndProject
Project("{FAE04EC0-301F-11D3-BF4B-00C04F79EFBC}") = "Patients.DataAccess", "Modules\Patients\Patients.DataAccess\Patients.DataAccess.csproj", "{155EDFCB-7F60-4D0D-9186-A916B87C0F86}"
EndProject
Project("{FAE04EC0-301F-11D3-BF4B-00C04F79EFBC}") = "Patients.Infrastructure", "Modules\Patients\Patients.Infrastructure\Patients.Infrastructure.csproj", "{7AC6229B-944A-4E35-91C2-2D9C43CA07AD}"
EndProject
Global
	GlobalSection(SolutionConfigurationPlatforms) = preSolution
		Debug|Any CPU = Debug|Any CPU
		Release|Any CPU = Release|Any CPU
	EndGlobalSection
	GlobalSection(ProjectConfigurationPlatforms) = postSolution
		{87707AFE-63A2-4B1B-8AB7-5F770FAE43AD}.Debug|Any CPU.ActiveCfg = Debug|Any CPU
		{87707AFE-63A2-4B1B-8AB7-5F770FAE43AD}.Debug|Any CPU.Build.0 = Debug|Any CPU
		{87707AFE-63A2-4B1B-8AB7-5F770FAE43AD}.Release|Any CPU.ActiveCfg = Release|Any CPU
		{87707AFE-63A2-4B1B-8AB7-5F770FAE43AD}.Release|Any CPU.Build.0 = Release|Any CPU
		{C940538E-82E4-4579-83B6-FE18A3A5E190}.Debug|Any CPU.ActiveCfg = Debug|Any CPU
		{C940538E-82E4-4579-83B6-FE18A3A5E190}.Debug|Any CPU.Build.0 = Debug|Any CPU
		{C940538E-82E4-4579-83B6-FE18A3A5E190}.Release|Any CPU.ActiveCfg = Release|Any CPU
		{C940538E-82E4-4579-83B6-FE18A3A5E190}.Release|Any CPU.Build.0 = Release|Any CPU
		{FDE1DB22-3921-4B10-BBCF-553B2C4253C5}.Debug|Any CPU.ActiveCfg = Debug|Any CPU
		{FDE1DB22-3921-4B10-BBCF-553B2C4253C5}.Debug|Any CPU.Build.0 = Debug|Any CPU
		{FDE1DB22-3921-4B10-BBCF-553B2C4253C5}.Release|Any CPU.ActiveCfg = Release|Any CPU
		{FDE1DB22-3921-4B10-BBCF-553B2C4253C5}.Release|Any CPU.Build.0 = Release|Any CPU
		{6350B619-F8B5-4185-ADB3-A07072EC783B}.Debug|Any CPU.ActiveCfg = Debug|Any CPU
		{6350B619-F8B5-4185-ADB3-A07072EC783B}.Debug|Any CPU.Build.0 = Debug|Any CPU
		{6350B619-F8B5-4185-ADB3-A07072EC783B}.Release|Any CPU.ActiveCfg = Release|Any CPU
		{6350B619-F8B5-4185-ADB3-A07072EC783B}.Release|Any CPU.Build.0 = Release|Any CPU
		{EE73891F-2235-4D1B-90B2-A7D9D515006E}.Debug|Any CPU.ActiveCfg = Debug|Any CPU
		{EE73891F-2235-4D1B-90B2-A7D9D515006E}.Debug|Any CPU.Build.0 = Debug|Any CPU
		{EE73891F-2235-4D1B-90B2-A7D9D515006E}.Release|Any CPU.ActiveCfg = Release|Any CPU
		{EE73891F-2235-4D1B-90B2-A7D9D515006E}.Release|Any CPU.Build.0 = Release|Any CPU
		{D7A238E8-3CC6-4BB2-90AC-33B8D74501D2}.Debug|Any CPU.ActiveCfg = Debug|Any CPU
		{D7A238E8-3CC6-4BB2-90AC-33B8D74501D2}.Debug|Any CPU.Build.0 = Debug|Any CPU
		{D7A238E8-3CC6-4BB2-90AC-33B8D74501D2}.Release|Any CPU.ActiveCfg = Release|Any CPU
		{D7A238E8-3CC6-4BB2-90AC-33B8D74501D2}.Release|Any CPU.Build.0 = Release|Any CPU
		{D5925867-76F5-4D11-A67B-B5F52BFD21D6}.Debug|Any CPU.ActiveCfg = Debug|Any CPU
		{D5925867-76F5-4D11-A67B-B5F52BFD21D6}.Debug|Any CPU.Build.0 = Debug|Any CPU
		{D5925867-76F5-4D11-A67B-B5F52BFD21D6}.Release|Any CPU.ActiveCfg = Release|Any CPU
		{D5925867-76F5-4D11-A67B-B5F52BFD21D6}.Release|Any CPU.Build.0 = Release|Any CPU
		{EDCEE015-B171-489B-BF8A-B6F2B485E5F1}.Debug|Any CPU.ActiveCfg = Debug|Any CPU
		{EDCEE015-B171-489B-BF8A-B6F2B485E5F1}.Debug|Any CPU.Build.0 = Debug|Any CPU
		{EDCEE015-B171-489B-BF8A-B6F2B485E5F1}.Release|Any CPU.ActiveCfg = Release|Any CPU
		{EDCEE015-B171-489B-BF8A-B6F2B485E5F1}.Release|Any CPU.Build.0 = Release|Any CPU
		{328A6446-7D49-4735-B83B-53BED759AA35}.Debug|Any CPU.ActiveCfg = Debug|Any CPU
		{328A6446-7D49-4735-B83B-53BED759AA35}.Debug|Any CPU.Build.0 = Debug|Any CPU
		{328A6446-7D49-4735-B83B-53BED759AA35}.Release|Any CPU.ActiveCfg = Release|Any CPU
		{328A6446-7D49-4735-B83B-53BED759AA35}.Release|Any CPU.Build.0 = Release|Any CPU
		{40F552BB-529F-4226-9370-C2D0C4841F2F}.Debug|Any CPU.ActiveCfg = Debug|Any CPU
		{40F552BB-529F-4226-9370-C2D0C4841F2F}.Debug|Any CPU.Build.0 = Debug|Any CPU
		{40F552BB-529F-4226-9370-C2D0C4841F2F}.Release|Any CPU.ActiveCfg = Release|Any CPU
		{40F552BB-529F-4226-9370-C2D0C4841F2F}.Release|Any CPU.Build.0 = Release|Any CPU
		{796B1B85-4859-4371-BA8A-266C494900D6}.Debug|Any CPU.ActiveCfg = Debug|Any CPU
		{796B1B85-4859-4371-BA8A-266C494900D6}.Debug|Any CPU.Build.0 = Debug|Any CPU
		{796B1B85-4859-4371-BA8A-266C494900D6}.Release|Any CPU.ActiveCfg = Release|Any CPU
		{796B1B85-4859-4371-BA8A-266C494900D6}.Release|Any CPU.Build.0 = Release|Any CPU
		{1E8A8CBC-B6FE-4AA8-AAA8-BE687FAFE1FF}.Debug|Any CPU.ActiveCfg = Debug|Any CPU
		{1E8A8CBC-B6FE-4AA8-AAA8-BE687FAFE1FF}.Debug|Any CPU.Build.0 = Debug|Any CPU
		{1E8A8CBC-B6FE-4AA8-AAA8-BE687FAFE1FF}.Release|Any CPU.ActiveCfg = Release|Any CPU
		{1E8A8CBC-B6FE-4AA8-AAA8-BE687FAFE1FF}.Release|Any CPU.Build.0 = Release|Any CPU
		{95C1BC83-2FD7-4B53-BFA8-7CBF4743B00A}.Debug|Any CPU.ActiveCfg = Debug|Any CPU
		{95C1BC83-2FD7-4B53-BFA8-7CBF4743B00A}.Debug|Any CPU.Build.0 = Debug|Any CPU
		{95C1BC83-2FD7-4B53-BFA8-7CBF4743B00A}.Release|Any CPU.ActiveCfg = Release|Any CPU
		{95C1BC83-2FD7-4B53-BFA8-7CBF4743B00A}.Release|Any CPU.Build.0 = Release|Any CPU
		{616909B4-12AA-4370-82BB-949FDED8D04C}.Debug|Any CPU.ActiveCfg = Debug|Any CPU
		{616909B4-12AA-4370-82BB-949FDED8D04C}.Debug|Any CPU.Build.0 = Debug|Any CPU
		{616909B4-12AA-4370-82BB-949FDED8D04C}.Release|Any CPU.ActiveCfg = Release|Any CPU
		{616909B4-12AA-4370-82BB-949FDED8D04C}.Release|Any CPU.Build.0 = Release|Any CPU
		{155EDFCB-7F60-4D0D-9186-A916B87C0F86}.Debug|Any CPU.ActiveCfg = Debug|Any CPU
		{155EDFCB-7F60-4D0D-9186-A916B87C0F86}.Debug|Any CPU.Build.0 = Debug|Any CPU
		{155EDFCB-7F60-4D0D-9186-A916B87C0F86}.Release|Any CPU.ActiveCfg = Release|Any CPU
		{155EDFCB-7F60-4D0D-9186-A916B87C0F86}.Release|Any CPU.Build.0 = Release|Any CPU
		{7AC6229B-944A-4E35-91C2-2D9C43CA07AD}.Debug|Any CPU.ActiveCfg = Debug|Any CPU
		{7AC6229B-944A-4E35-91C2-2D9C43CA07AD}.Debug|Any CPU.Build.0 = Debug|Any CPU
		{7AC6229B-944A-4E35-91C2-2D9C43CA07AD}.Release|Any CPU.ActiveCfg = Release|Any CPU
		{7AC6229B-944A-4E35-91C2-2D9C43CA07AD}.Release|Any CPU.Build.0 = Release|Any CPU
	EndGlobalSection
	GlobalSection(NestedProjects) = preSolution
		{7C82E91F-0652-4F75-B403-8F1288907750} = {3214A960-F3CB-4352-8BB4-DC5EFE7EFBB8}
		{C940538E-82E4-4579-83B6-FE18A3A5E190} = {7C82E91F-0652-4F75-B403-8F1288907750}
		{FDE1DB22-3921-4B10-BBCF-553B2C4253C5} = {7C82E91F-0652-4F75-B403-8F1288907750}
		{6350B619-F8B5-4185-ADB3-A07072EC783B} = {7C82E91F-0652-4F75-B403-8F1288907750}
		{EE73891F-2235-4D1B-90B2-A7D9D515006E} = {7C82E91F-0652-4F75-B403-8F1288907750}
		{D7A238E8-3CC6-4BB2-90AC-33B8D74501D2} = {7C82E91F-0652-4F75-B403-8F1288907750}
		{1A768D4A-1DB6-4BE8-B1DC-7D54F815D901} = {3214A960-F3CB-4352-8BB4-DC5EFE7EFBB8}
		{D5925867-76F5-4D11-A67B-B5F52BFD21D6} = {1A768D4A-1DB6-4BE8-B1DC-7D54F815D901}
		{EDCEE015-B171-489B-BF8A-B6F2B485E5F1} = {1A768D4A-1DB6-4BE8-B1DC-7D54F815D901}
		{328A6446-7D49-4735-B83B-53BED759AA35} = {1A768D4A-1DB6-4BE8-B1DC-7D54F815D901}
		{40F552BB-529F-4226-9370-C2D0C4841F2F} = {1A768D4A-1DB6-4BE8-B1DC-7D54F815D901}
		{796B1B85-4859-4371-BA8A-266C494900D6} = {1A768D4A-1DB6-4BE8-B1DC-7D54F815D901}
		{1F43168F-B24E-443E-A54C-2D93E124CD69} = {3214A960-F3CB-4352-8BB4-DC5EFE7EFBB8}
		{1E8A8CBC-B6FE-4AA8-AAA8-BE687FAFE1FF} = {1F43168F-B24E-443E-A54C-2D93E124CD69}
		{95C1BC83-2FD7-4B53-BFA8-7CBF4743B00A} = {1F43168F-B24E-443E-A54C-2D93E124CD69}
		{616909B4-12AA-4370-82BB-949FDED8D04C} = {1F43168F-B24E-443E-A54C-2D93E124CD69}
		{155EDFCB-7F60-4D0D-9186-A916B87C0F86} = {1F43168F-B24E-443E-A54C-2D93E124CD69}
		{7AC6229B-944A-4E35-91C2-2D9C43CA07AD} = {1F43168F-B24E-443E-A54C-2D93E124CD69}
	EndGlobalSection
EndGlobal
